using System;
using System.Collections.Generic;
using System.Linq;
using System.Text;
using System.Threading.Tasks;

namespace Descifrar_Mensaje
{
    internal class Program
    {
        static void Main(string[] args)
        {
            Double[,] matrisBase = { { (-3.0 / 11), (1.0 / 11), (7.0 / 11) }, { 6.0 / 11, -2.0 / 11, -3.0 / 11 }, { 2.0 / 11, 3.0 / 11, -1.0 / 11 } };
            Double[,] matrisSifrada;
            int n;
            Console.WriteLine("Inserte el numero de columnas de su matriz: ");
            n = int.Parse(Console.ReadLine());
            matrisSifrada = new Double[3, n];

            //matrizsifrada

            Console.Write("Ingresa la matris que deseas descifrar");
            for (int i = 0; i < 3; i++)
            {
                for (int j = 0; j < n; j++)
                {
                    Console.Write("\ningrese dato: [" + i + ", " + j + "]");
                    matrisSifrada[i, j] = Double.Parse(Console.ReadLine());
                }
            }
            Double[,] matrisResultante = new Double[3, n];
            for (int i = 0; i < 3; i++)
            {
                for (int j = 0; j < n; j++)
                {
                    //Console.Write("\n: [" + i + ", " + j + "] =");
                    Double res = 0.0d;
                    for (int k = 0; k < 3; k++)
                    {
                        //Console.Write(matrisBase[i, k] +"*"+ matrisSifrada[k, j]+"+");
                        res += (matrisBase[i, k] * matrisSifrada[k, j]);
                    }
                    matrisResultante[i, j] = res;

                }
            }

            for (int i = 0; i < 3; i++)
            {
                Console.Write("\n[");
                for (int j = 0; j < n; j++)
                {
                    Console.Write(Math.Round(matrisResultante[i, j]));
                    if (j < n - 1)
                    {
                        Console.Write(",");
                    }

                }
                Console.Write("]");

            }
            Console.Read();
        }
    }

}
